
Microsoft Visual Studio Solution File, Format Version 12.00
# Visual Studio Version 17
VisualStudioVersion = 17.1.32228.430
MinimumVisualStudioVersion = 10.0.40219.1
Project("{FAE04EC0-301F-11D3-BF4B-00C04F79EFBC}") = "AMORTIZACION.Android", "AMORTIZACION\AMORTIZACION.Android\AMORTIZACION.Android.csproj", "{73D9D687-E1DD-4CC9-B882-6CA4892D020E}"
EndProject
Project("{FAE04EC0-301F-11D3-BF4B-00C04F79EFBC}") = "AMORTIZACION.iOS", "AMORTIZACION\AMORTIZACION.iOS\AMORTIZACION.iOS.csproj", "{FDB925AF-335C-4781-AD00-1AB1F6F2094D}"
EndProject
Project("{FAE04EC0-301F-11D3-BF4B-00C04F79EFBC}") = "AMORTIZACION", "AMORTIZACION\AMORTIZACION\AMORTIZACION.csproj", "{1A7CB414-C9DF-45E6-96CF-A2FAB146C56F}"
EndProject
Global
	GlobalSection(SolutionConfigurationPlatforms) = preSolution
		Debug|Any CPU = Debug|Any CPU
		Debug|iPhone = Debug|iPhone
		Debug|iPhoneSimulator = Debug|iPhoneSimulator
		Release|Any CPU = Release|Any CPU
		Release|iPhone = Release|iPhone
		Release|iPhoneSimulator = Release|iPhoneSimulator
	EndGlobalSection
	GlobalSection(ProjectConfigurationPlatforms) = postSolution
		{73D9D687-E1DD-4CC9-B882-6CA4892D020E}.Debug|Any CPU.ActiveCfg = Debug|Any CPU
		{73D9D687-E1DD-4CC9-B882-6CA4892D020E}.Debug|Any CPU.Build.0 = Debug|Any CPU
		{73D9D687-E1DD-4CC9-B882-6CA4892D020E}.Debug|Any CPU.Deploy.0 = Debug|Any CPU
		{73D9D687-E1DD-4CC9-B882-6CA4892D020E}.Debug|iPhone.ActiveCfg = Debug|Any CPU
		{73D9D687-E1DD-4CC9-B882-6CA4892D020E}.Debug|iPhone.Build.0 = Debug|Any CPU
		{73D9D687-E1DD-4CC9-B882-6CA4892D020E}.Debug|iPhone.Deploy.0 = Debug|Any CPU
		{73D9D687-E1DD-4CC9-B882-6CA4892D020E}.Debug|iPhoneSimulator.ActiveCfg = Debug|Any CPU
		{73D9D687-E1DD-4CC9-B882-6CA4892D020E}.Debug|iPhoneSimulator.Build.0 = Debug|Any CPU
		{73D9D687-E1DD-4CC9-B882-6CA4892D020E}.Debug|iPhoneSimulator.Deploy.0 = Debug|Any CPU
		{73D9D687-E1DD-4CC9-B882-6CA4892D020E}.Release|Any CPU.ActiveCfg = Release|Any CPU
		{73D9D687-E1DD-4CC9-B882-6CA4892D020E}.Release|Any CPU.Build.0 = Release|Any CPU
		{73D9D687-E1DD-4CC9-B882-6CA4892D020E}.Release|Any CPU.Deploy.0 = Release|Any CPU
		{73D9D687-E1DD-4CC9-B882-6CA4892D020E}.Release|iPhone.ActiveCfg = Release|Any CPU
		{73D9D687-E1DD-4CC9-B882-6CA4892D020E}.Release|iPhone.Build.0 = Release|Any CPU
		{73D9D687-E1DD-4CC9-B882-6CA4892D020E}.Release|iPhone.Deploy.0 = Release|Any CPU
		{73D9D687-E1DD-4CC9-B882-6CA4892D020E}.Release|iPhoneSimulator.ActiveCfg = Release|Any CPU
		{73D9D687-E1DD-4CC9-B882-6CA4892D020E}.Release|iPhoneSimulator.Build.0 = Release|Any CPU
		{73D9D687-E1DD-4CC9-B882-6CA4892D020E}.Release|iPhoneSimulator.Deploy.0 = Release|Any CPU
		{FDB925AF-335C-4781-AD00-1AB1F6F2094D}.Debug|Any CPU.ActiveCfg = Debug|iPhone
		{FDB925AF-335C-4781-AD00-1AB1F6F2094D}.Debug|Any CPU.Build.0 = Debug|iPhone
		{FDB925AF-335C-4781-AD00-1AB1F6F2094D}.Debug|Any CPU.Deploy.0 = Debug|iPhone
		{FDB925AF-335C-4781-AD00-1AB1F6F2094D}.Debug|iPhone.ActiveCfg = Debug|iPhone
		{FDB925AF-335C-4781-AD00-1AB1F6F2094D}.Debug|iPhone.Build.0 = Debug|iPhone
		{FDB925AF-335C-4781-AD00-1AB1F6F2094D}.Debug|iPhone.Deploy.0 = Debug|iPhone
		{FDB925AF-335C-4781-AD00-1AB1F6F2094D}.Debug|iPhoneSimulator.ActiveCfg = Debug|iPhoneSimulator
		{FDB925AF-335C-4781-AD00-1AB1F6F2094D}.Debug|iPhoneSimulator.Build.0 = Debug|iPhoneSimulator
		{FDB925AF-335C-4781-AD00-1AB1F6F2094D}.Debug|iPhoneSimulator.Deploy.0 = Debug|iPhoneSimulator
		{FDB925AF-335C-4781-AD00-1AB1F6F2094D}.Release|Any CPU.ActiveCfg = Release|iPhoneSimulator
		{FDB925AF-335C-4781-AD00-1AB1F6F2094D}.Release|Any CPU.Build.0 = Release|iPhoneSimulator
		{FDB925AF-335C-4781-AD00-1AB1F6F2094D}.Release|Any CPU.Deploy.0 = Release|iPhoneSimulator
		{FDB925AF-335C-4781-AD00-1AB1F6F2094D}.Release|iPhone.ActiveCfg = Release|iPhone
		{FDB925AF-335C-4781-AD00-1AB1F6F2094D}.Release|iPhone.Build.0 = Release|iPhone
		{FDB925AF-335C-4781-AD00-1AB1F6F2094D}.Release|iPhone.Deploy.0 = Release|iPhone
		{FDB925AF-335C-4781-AD00-1AB1F6F2094D}.Release|iPhoneSimulator.ActiveCfg = Release|iPhoneSimulator
		{FDB925AF-335C-4781-AD00-1AB1F6F2094D}.Release|iPhoneSimulator.Build.0 = Release|iPhoneSimulator
		{FDB925AF-335C-4781-AD00-1AB1F6F2094D}.Release|iPhoneSimulator.Deploy.0 = Release|iPhoneSimulator
		{1A7CB414-C9DF-45E6-96CF-A2FAB146C56F}.Debug|Any CPU.ActiveCfg = Debug|Any CPU
		{1A7CB414-C9DF-45E6-96CF-A2FAB146C56F}.Debug|Any CPU.Build.0 = Debug|Any CPU
		{1A7CB414-C9DF-45E6-96CF-A2FAB146C56F}.Debug|Any CPU.Deploy.0 = Debug|Any CPU
		{1A7CB414-C9DF-45E6-96CF-A2FAB146C56F}.Debug|iPhone.ActiveCfg = Debug|Any CPU
		{1A7CB414-C9DF-45E6-96CF-A2FAB146C56F}.Debug|iPhone.Build.0 = Debug|Any CPU
		{1A7CB414-C9DF-45E6-96CF-A2FAB146C56F}.Debug|iPhone.Deploy.0 = Debug|Any CPU
		{1A7CB414-C9DF-45E6-96CF-A2FAB146C56F}.Debug|iPhoneSimulator.ActiveCfg = Debug|Any CPU
		{1A7CB414-C9DF-45E6-96CF-A2FAB146C56F}.Debug|iPhoneSimulator.Build.0 = Debug|Any CPU
		{1A7CB414-C9DF-45E6-96CF-A2FAB146C56F}.Debug|iPhoneSimulator.Deploy.0 = Debug|Any CPU
		{1A7CB414-C9DF-45E6-96CF-A2FAB146C56F}.Release|Any CPU.ActiveCfg = Release|Any CPU
		{1A7CB414-C9DF-45E6-96CF-A2FAB146C56F}.Release|Any CPU.Build.0 = Release|Any CPU
		{1A7CB414-C9DF-45E6-96CF-A2FAB146C56F}.Release|Any CPU.Deploy.0 = Release|Any CPU
		{1A7CB414-C9DF-45E6-96CF-A2FAB146C56F}.Release|iPhone.ActiveCfg = Release|Any CPU
		{1A7CB414-C9DF-45E6-96CF-A2FAB146C56F}.Release|iPhone.Build.0 = Release|Any CPU
		{1A7CB414-C9DF-45E6-96CF-A2FAB146C56F}.Release|iPhone.Deploy.0 = Release|Any CPU
		{1A7CB414-C9DF-45E6-96CF-A2FAB146C56F}.Release|iPhoneSimulator.ActiveCfg = Release|Any CPU
		{1A7CB414-C9DF-45E6-96CF-A2FAB146C56F}.Release|iPhoneSimulator.Build.0 = Release|Any CPU
		{1A7CB414-C9DF-45E6-96CF-A2FAB146C56F}.Release|iPhoneSimulator.Deploy.0 = Release|Any CPU
	EndGlobalSection
	GlobalSection(SolutionProperties) = preSolution
		HideSolutionNode = FALSE
	EndGlobalSection
	GlobalSection(ExtensibilityGlobals) = postSolution
		SolutionGuid = {258CDB21-FEFA-4AEC-B462-9C275F1D2344}
	EndGlobalSection
EndGlobal
